
Microsoft Visual Studio Solution File, Format Version 12.00
# Visual Studio 15
VisualStudioVersion = 15.0.26730.10
MinimumVisualStudioVersion = 10.0.40219.1
Project("{FAE04EC0-301F-11D3-BF4B-00C04F79EFBC}") = "Learning", "Learning\Learning.csproj", "{1B2B63F0-2430-4FF3-B753-40DE8DDE779B}"
EndProject
Project("{FAE04EC0-301F-11D3-BF4B-00C04F79EFBC}") = "Delegates", "Delegates\Delegates.csproj", "{C8AF0E4D-E508-403C-B2DE-BAC7D7995C3B}"
EndProject
Project("{FAE04EC0-301F-11D3-BF4B-00C04F79EFBC}") = "Helper", "Invoker.cs\Helper.csproj", "{57898171-62DB-4617-AA53-A4F0F9EBD81B}"
EndProject
Project("{FAE04EC0-301F-11D3-BF4B-00C04F79EFBC}") = "Events", "Events\Events.csproj", "{2F81DED3-4AF8-4D6D-8F09-EECC829BB454}"
EndProject
Project("{FAE04EC0-301F-11D3-BF4B-00C04F79EFBC}") = "ModuleTwo", "ModuleTwo\ModuleTwo.csproj", "{B202DFF4-4E58-4CE6-BF1E-7CC24B8D2541}"
EndProject
Global
	GlobalSection(SolutionConfigurationPlatforms) = preSolution
		Debug|Any CPU = Debug|Any CPU
		Release|Any CPU = Release|Any CPU
	EndGlobalSection
	GlobalSection(ProjectConfigurationPlatforms) = postSolution
		{1B2B63F0-2430-4FF3-B753-40DE8DDE779B}.Debug|Any CPU.ActiveCfg = Debug|Any CPU
		{1B2B63F0-2430-4FF3-B753-40DE8DDE779B}.Debug|Any CPU.Build.0 = Debug|Any CPU
		{1B2B63F0-2430-4FF3-B753-40DE8DDE779B}.Release|Any CPU.ActiveCfg = Release|Any CPU
		{1B2B63F0-2430-4FF3-B753-40DE8DDE779B}.Release|Any CPU.Build.0 = Release|Any CPU
		{C8AF0E4D-E508-403C-B2DE-BAC7D7995C3B}.Debug|Any CPU.ActiveCfg = Debug|Any CPU
		{C8AF0E4D-E508-403C-B2DE-BAC7D7995C3B}.Debug|Any CPU.Build.0 = Debug|Any CPU
		{C8AF0E4D-E508-403C-B2DE-BAC7D7995C3B}.Release|Any CPU.ActiveCfg = Release|Any CPU
		{C8AF0E4D-E508-403C-B2DE-BAC7D7995C3B}.Release|Any CPU.Build.0 = Release|Any CPU
		{57898171-62DB-4617-AA53-A4F0F9EBD81B}.Debug|Any CPU.ActiveCfg = Debug|Any CPU
		{57898171-62DB-4617-AA53-A4F0F9EBD81B}.Debug|Any CPU.Build.0 = Debug|Any CPU
		{57898171-62DB-4617-AA53-A4F0F9EBD81B}.Release|Any CPU.ActiveCfg = Release|Any CPU
		{57898171-62DB-4617-AA53-A4F0F9EBD81B}.Release|Any CPU.Build.0 = Release|Any CPU
		{2F81DED3-4AF8-4D6D-8F09-EECC829BB454}.Debug|Any CPU.ActiveCfg = Debug|Any CPU
		{2F81DED3-4AF8-4D6D-8F09-EECC829BB454}.Debug|Any CPU.Build.0 = Debug|Any CPU
		{2F81DED3-4AF8-4D6D-8F09-EECC829BB454}.Release|Any CPU.ActiveCfg = Release|Any CPU
		{2F81DED3-4AF8-4D6D-8F09-EECC829BB454}.Release|Any CPU.Build.0 = Release|Any CPU
		{B202DFF4-4E58-4CE6-BF1E-7CC24B8D2541}.Debug|Any CPU.ActiveCfg = Debug|Any CPU
		{B202DFF4-4E58-4CE6-BF1E-7CC24B8D2541}.Debug|Any CPU.Build.0 = Debug|Any CPU
		{B202DFF4-4E58-4CE6-BF1E-7CC24B8D2541}.Release|Any CPU.ActiveCfg = Release|Any CPU
		{B202DFF4-4E58-4CE6-BF1E-7CC24B8D2541}.Release|Any CPU.Build.0 = Release|Any CPU
	EndGlobalSection
	GlobalSection(SolutionProperties) = preSolution
		HideSolutionNode = FALSE
	EndGlobalSection
	GlobalSection(ExtensibilityGlobals) = postSolution
		SolutionGuid = {3E33DAD2-E7F4-4B4E-9C39-FB87D2791791}
	EndGlobalSection
EndGlobal
